// !$*UTF8*$!
{
	archiveVersion = 1;
	classes = {
	};
	objectVersion = 50;
	objects = {

/* Begin PBXBuildFile section */
		C76E4F4D216EFF51002942A3 /* AppDelegate.swift in Sources */ = {isa = PBXBuildFile; fileRef = C76E4F4C216EFF51002942A3 /* AppDelegate.swift */; };
		C76E4F4F216EFF51002942A3 /* ViewController.swift in Sources */ = {isa = PBXBuildFile; fileRef = C76E4F4E216EFF51002942A3 /* ViewController.swift */; };
		C76E4F52216EFF51002942A3 /* Main.storyboard in Resources */ = {isa = PBXBuildFile; fileRef = C76E4F50216EFF51002942A3 /* Main.storyboard */; };
		C76E4F54216EFF52002942A3 /* Assets.xcassets in Resources */ = {isa = PBXBuildFile; fileRef = C76E4F53216EFF52002942A3 /* Assets.xcassets */; };
		C76E4F57216EFF52002942A3 /* LaunchScreen.storyboard in Resources */ = {isa = PBXBuildFile; fileRef = C76E4F55216EFF52002942A3 /* LaunchScreen.storyboard */; };
		C76E4F62216EFF52002942A3 /* Parse_ChatTests.swift in Sources */ = {isa = PBXBuildFile; fileRef = C76E4F61216EFF52002942A3 /* Parse_ChatTests.swift */; };
		C76E4F6D216EFF52002942A3 /* Parse_ChatUITests.swift in Sources */ = {isa = PBXBuildFile; fileRef = C76E4F6C216EFF52002942A3 /* Parse_ChatUITests.swift */; };
/* End PBXBuildFile section */

/* Begin PBXContainerItemProxy section */
		C76E4F5E216EFF52002942A3 /* PBXContainerItemProxy */ = {
			isa = PBXContainerItemProxy;
			containerPortal = C76E4F41216EFF51002942A3 /* Project object */;
			proxyType = 1;
			remoteGlobalIDString = C76E4F48216EFF51002942A3;
			remoteInfo = "Parse Chat";
		};
		C76E4F69216EFF52002942A3 /* PBXContainerItemProxy */ = {
			isa = PBXContainerItemProxy;
			containerPortal = C76E4F41216EFF51002942A3 /* Project object */;
			proxyType = 1;
			remoteGlobalIDString = C76E4F48216EFF51002942A3;
			remoteInfo = "Parse Chat";
		};
/* End PBXContainerItemProxy section */

/* Begin PBXFileReference section */
		C76E4F49216EFF51002942A3 /* Parse Chat.app */ = {isa = PBXFileReference; explicitFileType = wrapper.application; includeInIndex = 0; path = "Parse Chat.app"; sourceTree = BUILT_PRODUCTS_DIR; };
		C76E4F4C216EFF51002942A3 /* AppDelegate.swift */ = {isa = PBXFileReference; lastKnownFileType = sourcecode.swift; path = AppDelegate.swift; sourceTree = "<group>"; };
		C76E4F4E216EFF51002942A3 /* ViewController.swift */ = {isa = PBXFileReference; lastKnownFileType = sourcecode.swift; path = ViewController.swift; sourceTree = "<group>"; };
		C76E4F51216EFF51002942A3 /* Base */ = {isa = PBXFileReference; lastKnownFileType = file.storyboard; name = Base; path = Base.lproj/Main.storyboard; sourceTree = "<group>"; };
		C76E4F53216EFF52002942A3 /* Assets.xcassets */ = {isa = PBXFileReference; lastKnownFileType = folder.assetcatalog; path = Assets.xcassets; sourceTree = "<group>"; };
		C76E4F56216EFF52002942A3 /* Base */ = {isa = PBXFileReference; lastKnownFileType = file.storyboard; name = Base; path = Base.lproj/LaunchScreen.storyboard; sourceTree = "<group>"; };
		C76E4F58216EFF52002942A3 /* Info.plist */ = {isa = PBXFileReference; lastKnownFileType = text.plist.xml; path = Info.plist; sourceTree = "<group>"; };
		C76E4F5D216EFF52002942A3 /* Parse ChatTests.xctest */ = {isa = PBXFileReference; explicitFileType = wrapper.cfbundle; includeInIndex = 0; path = "Parse ChatTests.xctest"; sourceTree = BUILT_PRODUCTS_DIR; };
		C76E4F61216EFF52002942A3 /* Parse_ChatTests.swift */ = {isa = PBXFileReference; lastKnownFileType = sourcecode.swift; path = Parse_ChatTests.swift; sourceTree = "<group>"; };
		C76E4F63216EFF52002942A3 /* Info.plist */ = {isa = PBXFileReference; lastKnownFileType = text.plist.xml; path = Info.plist; sourceTree = "<group>"; };
		C76E4F68216EFF52002942A3 /* Parse ChatUITests.xctest */ = {isa = PBXFileReference; explicitFileType = wrapper.cfbundle; includeInIndex = 0; path = "Parse ChatUITests.xctest"; sourceTree = BUILT_PRODUCTS_DIR; };
		C76E4F6C216EFF52002942A3 /* Parse_ChatUITests.swift */ = {isa = PBXFileReference; lastKnownFileType = sourcecode.swift; path = Parse_ChatUITests.swift; sourceTree = "<group>"; };
		C76E4F6E216EFF52002942A3 /* Info.plist */ = {isa = PBXFileReference; lastKnownFileType = text.plist.xml; path = Info.plist; sourceTree = "<group>"; };
/* End PBXFileReference section */

/* Begin PBXFrameworksBuildPhase section */
		C76E4F46216EFF51002942A3 /* Frameworks */ = {
			isa = PBXFrameworksBuildPhase;
			buildActionMask = 2147483647;
			files = (
			);
			runOnlyForDeploymentPostprocessing = 0;
		};
		C76E4F5A216EFF52002942A3 /* Frameworks */ = {
			isa = PBXFrameworksBuildPhase;
			buildActionMask = 2147483647;
			files = (
			);
			runOnlyForDeploymentPostprocessing = 0;
		};
		C76E4F65216EFF52002942A3 /* Frameworks */ = {
			isa = PBXFrameworksBuildPhase;
			buildActionMask = 2147483647;
			files = (
			);
			runOnlyForDeploymentPostprocessing = 0;
		};
/* End PBXFrameworksBuildPhase section */

/* Begin PBXGroup section */
		C76E4F40216EFF51002942A3 = {
			isa = PBXGroup;
			children = (
				C76E4F4B216EFF51002942A3 /* Parse Chat */,
				C76E4F60216EFF52002942A3 /* Parse ChatTests */,
				C76E4F6B216EFF52002942A3 /* Parse ChatUITests */,
				C76E4F4A216EFF51002942A3 /* Products */,
			);
			sourceTree = "<group>";
		};
		C76E4F4A216EFF51002942A3 /* Products */ = {
			isa = PBXGroup;
			children = (
				C76E4F49216EFF51002942A3 /* Parse Chat.app */,
				C76E4F5D216EFF52002942A3 /* Parse ChatTests.xctest */,
				C76E4F68216EFF52002942A3 /* Parse ChatUITests.xctest */,
			);
			name = Products;
			sourceTree = "<group>";
		};
		C76E4F4B216EFF51002942A3 /* Parse Chat */ = {
			isa = PBXGroup;
			children = (
				C76E4F4C216EFF51002942A3 /* AppDelegate.swift */,
				C76E4F4E216EFF51002942A3 /* ViewController.swift */,
				C76E4F50216EFF51002942A3 /* Main.storyboard */,
				C76E4F53216EFF52002942A3 /* Assets.xcassets */,
				C76E4F55216EFF52002942A3 /* LaunchScreen.storyboard */,
				C76E4F58216EFF52002942A3 /* Info.plist */,
			);
			path = "Parse Chat";
			sourceTree = "<group>";
		};
		C76E4F60216EFF52002942A3 /* Parse ChatTests */ = {
			isa = PBXGroup;
			children = (
				C76E4F61216EFF52002942A3 /* Parse_ChatTests.swift */,
				C76E4F63216EFF52002942A3 /* Info.plist */,
			);
			path = "Parse ChatTests";
			sourceTree = "<group>";
		};
		C76E4F6B216EFF52002942A3 /* Parse ChatUITests */ = {
			isa = PBXGroup;
			children = (
				C76E4F6C216EFF52002942A3 /* Parse_ChatUITests.swift */,
				C76E4F6E216EFF52002942A3 /* Info.plist */,
			);
			path = "Parse ChatUITests";
			sourceTree = "<group>";
		};
/* End PBXGroup section */

/* Begin PBXNativeTarget section */
		C76E4F48216EFF51002942A3 /* Parse Chat */ = {
			isa = PBXNativeTarget;
			buildConfigurationList = C76E4F71216EFF52002942A3 /* Build configuration list for PBXNativeTarget "Parse Chat" */;
			buildPhases = (
				C76E4F45216EFF51002942A3 /* Sources */,
				C76E4F46216EFF51002942A3 /* Frameworks */,
				C76E4F47216EFF51002942A3 /* Resources */,
			);
			buildRules = (
			);
			dependencies = (
			);
			name = "Parse Chat";
			productName = "Parse Chat";
			productReference = C76E4F49216EFF51002942A3 /* Parse Chat.app */;
			productType = "com.apple.product-type.application";
		};
		C76E4F5C216EFF52002942A3 /* Parse ChatTests */ = {
			isa = PBXNativeTarget;
			buildConfigurationList = C76E4F74216EFF52002942A3 /* Build configuration list for PBXNativeTarget "Parse ChatTests" */;
			buildPhases = (
				C76E4F59216EFF52002942A3 /* Sources */,
				C76E4F5A216EFF52002942A3 /* Frameworks */,
				C76E4F5B216EFF52002942A3 /* Resources */,
			);
			buildRules = (
			);
			dependencies = (
				C76E4F5F216EFF52002942A3 /* PBXTargetDependency */,
			);
			name = "Parse ChatTests";
			productName = "Parse ChatTests";
			productReference = C76E4F5D216EFF52002942A3 /* Parse ChatTests.xctest */;
			productType = "com.apple.product-type.bundle.unit-test";
		};
		C76E4F67216EFF52002942A3 /* Parse ChatUITests */ = {
			isa = PBXNativeTarget;
			buildConfigurationList = C76E4F77216EFF52002942A3 /* Build configuration list for PBXNativeTarget "Parse ChatUITests" */;
			buildPhases = (
				C76E4F64216EFF52002942A3 /* Sources */,
				C76E4F65216EFF52002942A3 /* Frameworks */,
				C76E4F66216EFF52002942A3 /* Resources */,
			);
			buildRules = (
			);
			dependencies = (
				C76E4F6A216EFF52002942A3 /* PBXTargetDependency */,
			);
			name = "Parse ChatUITests";
			productName = "Parse ChatUITests";
			productReference = C76E4F68216EFF52002942A3 /* Parse ChatUITests.xctest */;
			productType = "com.apple.product-type.bundle.ui-testing";
		};
/* End PBXNativeTarget section */

/* Begin PBXProject section */
		C76E4F41216EFF51002942A3 /* Project object */ = {
			isa = PBXProject;
			attributes = {
				LastSwiftUpdateCheck = 1000;
				LastUpgradeCheck = 1000;
				ORGANIZATIONNAME = "Felipe De La Torre";
				TargetAttributes = {
					C76E4F48216EFF51002942A3 = {
						CreatedOnToolsVersion = 10.0;
					};
					C76E4F5C216EFF52002942A3 = {
						CreatedOnToolsVersion = 10.0;
						TestTargetID = C76E4F48216EFF51002942A3;
					};
					C76E4F67216EFF52002942A3 = {
						CreatedOnToolsVersion = 10.0;
						TestTargetID = C76E4F48216EFF51002942A3;
					};
				};
			};
			buildConfigurationList = C76E4F44216EFF51002942A3 /* Build configuration list for PBXProject "Parse Chat" */;
			compatibilityVersion = "Xcode 9.3";
			developmentRegion = en;
			hasScannedForEncodings = 0;
			knownRegions = (
				en,
				Base,
			);
			mainGroup = C76E4F40216EFF51002942A3;
			productRefGroup = C76E4F4A216EFF51002942A3 /* Products */;
			projectDirPath = "";
			projectRoot = "";
			targets = (
				C76E4F48216EFF51002942A3 /* Parse Chat */,
				C76E4F5C216EFF52002942A3 /* Parse ChatTests */,
				C76E4F67216EFF52002942A3 /* Parse ChatUITests */,
			);
		};
/* End PBXProject section */

/* Begin PBXResourcesBuildPhase section */
		C76E4F47216EFF51002942A3 /* Resources */ = {
			isa = PBXResourcesBuildPhase;
			buildActionMask = 2147483647;
			files = (
				C76E4F57216EFF52002942A3 /* LaunchScreen.storyboard in Resources */,
				C76E4F54216EFF52002942A3 /* Assets.xcassets in Resources */,
				C76E4F52216EFF51002942A3 /* Main.storyboard in Resources */,
			);
			runOnlyForDeploymentPostprocessing = 0;
		};
		C76E4F5B216EFF52002942A3 /* Resources */ = {
			isa = PBXResourcesBuildPhase;
			buildActionMask = 2147483647;
			files = (
			);
			runOnlyForDeploymentPostprocessing = 0;
		};
		C76E4F66216EFF52002942A3 /* Resources */ = {
			isa = PBXResourcesBuildPhase;
			buildActionMask = 2147483647;
			files = (
			);
			runOnlyForDeploymentPostprocessing = 0;
		};
/* End PBXResourcesBuildPhase section */

/* Begin PBXSourcesBuildPhase section */
		C76E4F45216EFF51002942A3 /* Sources */ = {
			isa = PBXSourcesBuildPhase;
			buildActionMask = 2147483647;
			files = (
				C76E4F4F216EFF51002942A3 /* ViewController.swift in Sources */,
				C76E4F4D216EFF51002942A3 /* AppDelegate.swift in Sources */,
			);
			runOnlyForDeploymentPostprocessing = 0;
		};
		C76E4F59216EFF52002942A3 /* Sources */ = {
			isa = PBXSourcesBuildPhase;
			buildActionMask = 2147483647;
			files = (
				C76E4F62216EFF52002942A3 /* Parse_ChatTests.swift in Sources */,
			);
			runOnlyForDeploymentPostprocessing = 0;
		};
		C76E4F64216EFF52002942A3 /* Sources */ = {
			isa = PBXSourcesBuildPhase;
			buildActionMask = 2147483647;
			files = (
				C76E4F6D216EFF52002942A3 /* Parse_ChatUITests.swift in Sources */,
			);
			runOnlyForDeploymentPostprocessing = 0;
		};
/* End PBXSourcesBuildPhase section */

/* Begin PBXTargetDependency section */
		C76E4F5F216EFF52002942A3 /* PBXTargetDependency */ = {
			isa = PBXTargetDependency;
			target = C76E4F48216EFF51002942A3 /* Parse Chat */;
			targetProxy = C76E4F5E216EFF52002942A3 /* PBXContainerItemProxy */;
		};
		C76E4F6A216EFF52002942A3 /* PBXTargetDependency */ = {
			isa = PBXTargetDependency;
			target = C76E4F48216EFF51002942A3 /* Parse Chat */;
			targetProxy = C76E4F69216EFF52002942A3 /* PBXContainerItemProxy */;
		};
/* End PBXTargetDependency section */

/* Begin PBXVariantGroup section */
		C76E4F50216EFF51002942A3 /* Main.storyboard */ = {
			isa = PBXVariantGroup;
			children = (
				C76E4F51216EFF51002942A3 /* Base */,
			);
			name = Main.storyboard;
			sourceTree = "<group>";
		};
		C76E4F55216EFF52002942A3 /* LaunchScreen.storyboard */ = {
			isa = PBXVariantGroup;
			children = (
				C76E4F56216EFF52002942A3 /* Base */,
			);
			name = LaunchScreen.storyboard;
			sourceTree = "<group>";
		};
/* End PBXVariantGroup section */

/* Begin XCBuildConfiguration section */
		C76E4F6F216EFF52002942A3 /* Debug */ = {
			isa = XCBuildConfiguration;
			buildSettings = {
				ALWAYS_SEARCH_USER_PATHS = NO;
				CLANG_ANALYZER_NONNULL = YES;
				CLANG_ANALYZER_NUMBER_OBJECT_CONVERSION = YES_AGGRESSIVE;
				CLANG_CXX_LANGUAGE_STANDARD = "gnu++14";
				CLANG_CXX_LIBRARY = "libc++";
				CLANG_ENABLE_MODULES = YES;
				CLANG_ENABLE_OBJC_ARC = YES;
				CLANG_ENABLE_OBJC_WEAK = YES;
				CLANG_WARN_BLOCK_CAPTURE_AUTORELEASING = YES;
				CLANG_WARN_BOOL_CONVERSION = YES;
				CLANG_WARN_COMMA = YES;
				CLANG_WARN_CONSTANT_CONVERSION = YES;
				CLANG_WARN_DEPRECATED_OBJC_IMPLEMENTATIONS = YES;
				CLANG_WARN_DIRECT_OBJC_ISA_USAGE = YES_ERROR;
				CLANG_WARN_DOCUMENTATION_COMMENTS = YES;
				CLANG_WARN_EMPTY_BODY = YES;
				CLANG_WARN_ENUM_CONVERSION = YES;
				CLANG_WARN_INFINITE_RECURSION = YES;
				CLANG_WARN_INT_CONVERSION = YES;
				CLANG_WARN_NON_LITERAL_NULL_CONVERSION = YES;
				CLANG_WARN_OBJC_IMPLICIT_RETAIN_SELF = YES;
				CLANG_WARN_OBJC_LITERAL_CONVERSION = YES;
				CLANG_WARN_OBJC_ROOT_CLASS = YES_ERROR;
				CLANG_WARN_RANGE_LOOP_ANALYSIS = YES;
				CLANG_WARN_STRICT_PROTOTYPES = YES;
				CLANG_WARN_SUSPICIOUS_MOVE = YES;
				CLANG_WARN_UNGUARDED_AVAILABILITY = YES_AGGRESSIVE;
				CLANG_WARN_UNREACHABLE_CODE = YES;
				CLANG_WARN__DUPLICATE_METHOD_MATCH = YES;
				CODE_SIGN_IDENTITY = "iPhone Developer";
				COPY_PHASE_STRIP = NO;
				DEBUG_INFORMATION_FORMAT = dwarf;
				ENABLE_STRICT_OBJC_MSGSEND = YES;
				ENABLE_TESTABILITY = YES;
				GCC_C_LANGUAGE_STANDARD = gnu11;
				GCC_DYNAMIC_NO_PIC = NO;
				GCC_NO_COMMON_BLOCKS = YES;
				GCC_OPTIMIZATION_LEVEL = 0;
				GCC_PREPROCESSOR_DEFINITIONS = (
					"DEBUG=1",
					"$(inherited)",
				);
				GCC_WARN_64_TO_32_BIT_CONVERSION = YES;
				GCC_WARN_ABOUT_RETURN_TYPE = YES_ERROR;
				GCC_WARN_UNDECLARED_SELECTOR = YES;
				GCC_WARN_UNINITIALIZED_AUTOS = YES_AGGRESSIVE;
				GCC_WARN_UNUSED_FUNCTION = YES;
				GCC_WARN_UNUSED_VARIABLE = YES;
				IPHONEOS_DEPLOYMENT_TARGET = 12.0;
				MTL_ENABLE_DEBUG_INFO = INCLUDE_SOURCE;
				MTL_FAST_MATH = YES;
				ONLY_ACTIVE_ARCH = YES;
				SDKROOT = iphoneos;
				SWIFT_ACTIVE_COMPILATION_CONDITIONS = DEBUG;
				SWIFT_OPTIMIZATION_LEVEL = "-Onone";
			};
			name = Debug;
		};
		C76E4F70216EFF52002942A3 /* Release */ = {
			isa = XCBuildConfiguration;
			buildSettings = {
				ALWAYS_SEARCH_USER_PATHS = NO;
				CLANG_ANALYZER_NONNULL = YES;
				CLANG_ANALYZER_NUMBER_OBJECT_CONVERSION = YES_AGGRESSIVE;
				CLANG_CXX_LANGUAGE_STANDARD = "gnu++14";
				CLANG_CXX_LIBRARY = "libc++";
				CLANG_ENABLE_MODULES = YES;
				CLANG_ENABLE_OBJC_ARC = YES;
				CLANG_ENABLE_OBJC_WEAK = YES;
				CLANG_WARN_BLOCK_CAPTURE_AUTORELEASING = YES;
				CLANG_WARN_BOOL_CONVERSION = YES;
				CLANG_WARN_COMMA = YES;
				CLANG_WARN_CONSTANT_CONVERSION = YES;
				CLANG_WARN_DEPRECATED_OBJC_IMPLEMENTATIONS = YES;
				CLANG_WARN_DIRECT_OBJC_ISA_USAGE = YES_ERROR;
				CLANG_WARN_DOCUMENTATION_COMMENTS = YES;
				CLANG_WARN_EMPTY_BODY = YES;
				CLANG_WARN_ENUM_CONVERSION = YES;
				CLANG_WARN_INFINITE_RECURSION = YES;
				CLANG_WARN_INT_CONVERSION = YES;
				CLANG_WARN_NON_LITERAL_NULL_CONVERSION = YES;
				CLANG_WARN_OBJC_IMPLICIT_RETAIN_SELF = YES;
				CLANG_WARN_OBJC_LITERAL_CONVERSION = YES;
				CLANG_WARN_OBJC_ROOT_CLASS = YES_ERROR;
				CLANG_WARN_RANGE_LOOP_ANALYSIS = YES;
				CLANG_WARN_STRICT_PROTOTYPES = YES;
				CLANG_WARN_SUSPICIOUS_MOVE = YES;
				CLANG_WARN_UNGUARDED_AVAILABILITY = YES_AGGRESSIVE;
				CLANG_WARN_UNREACHABLE_CODE = YES;
				CLANG_WARN__DUPLICATE_METHOD_MATCH = YES;
				CODE_SIGN_IDENTITY = "iPhone Developer";
				COPY_PHASE_STRIP = NO;
				DEBUG_INFORMATION_FORMAT = "dwarf-with-dsym";
				ENABLE_NS_ASSERTIONS = NO;
				ENABLE_STRICT_OBJC_MSGSEND = YES;
				GCC_C_LANGUAGE_STANDARD = gnu11;
				GCC_NO_COMMON_BLOCKS = YES;
				GCC_WARN_64_TO_32_BIT_CONVERSION = YES;
				GCC_WARN_ABOUT_RETURN_TYPE = YES_ERROR;
				GCC_WARN_UNDECLARED_SELECTOR = YES;
				GCC_WARN_UNINITIALIZED_AUTOS = YES_AGGRESSIVE;
				GCC_WARN_UNUSED_FUNCTION = YES;
				GCC_WARN_UNUSED_VARIABLE = YES;
				IPHONEOS_DEPLOYMENT_TARGET = 12.0;
				MTL_ENABLE_DEBUG_INFO = NO;
				MTL_FAST_MATH = YES;
				SDKROOT = iphoneos;
				SWIFT_COMPILATION_MODE = wholemodule;
				SWIFT_OPTIMIZATION_LEVEL = "-O";
				VALIDATE_PRODUCT = YES;
			};
			name = Release;
		};
		C76E4F72216EFF52002942A3 /* Debug */ = {
			isa = XCBuildConfiguration;
			buildSettings = {
				ASSETCATALOG_COMPILER_APPICON_NAME = AppIcon;
				CODE_SIGN_STYLE = Automatic;
				INFOPLIST_FILE = "Parse Chat/Info.plist";
				LD_RUNPATH_SEARCH_PATHS = (
					"$(inherited)",
					"@executable_path/Frameworks",
				);
				PRODUCT_BUNDLE_IDENTIFIER = "com.codepath.Parse-Chat";
				PRODUCT_NAME = "$(TARGET_NAME)";
				SWIFT_VERSION = 4.2;
				TARGETED_DEVICE_FAMILY = "1,2";
			};
			name = Debug;
		};
		C76E4F73216EFF52002942A3 /* Release */ = {
			isa = XCBuildConfiguration;
			buildSettings = {
				ASSETCATALOG_COMPILER_APPICON_NAME = AppIcon;
				CODE_SIGN_STYLE = Automatic;
				INFOPLIST_FILE = "Parse Chat/Info.plist";
				LD_RUNPATH_SEARCH_PATHS = (
					"$(inherited)",
					"@executable_path/Frameworks",
				);
				PRODUCT_BUNDLE_IDENTIFIER = "com.codepath.Parse-Chat";
				PRODUCT_NAME = "$(TARGET_NAME)";
				SWIFT_VERSION = 4.2;
				TARGETED_DEVICE_FAMILY = "1,2";
			};
			name = Release;
		};
		C76E4F75216EFF52002942A3 /* Debug */ = {
			isa = XCBuildConfiguration;
			buildSettings = {
				ALWAYS_EMBED_SWIFT_STANDARD_LIBRARIES = YES;
				BUNDLE_LOADER = "$(TEST_HOST)";
				CODE_SIGN_STYLE = Automatic;
				INFOPLIST_FILE = "Parse ChatTests/Info.plist";
				LD_RUNPATH_SEARCH_PATHS = (
					"$(inherited)",
					"@executable_path/Frameworks",
					"@loader_path/Frameworks",
				);
				PRODUCT_BUNDLE_IDENTIFIER = "com.codepath.Parse-ChatTests";
				PRODUCT_NAME = "$(TARGET_NAME)";
				SWIFT_VERSION = 4.2;
				TARGETED_DEVICE_FAMILY = "1,2";
				TEST_HOST = "$(BUILT_PRODUCTS_DIR)/Parse Chat.app/Parse Chat";
			};
			name = Debug;
		};
		C76E4F76216EFF52002942A3 /* Release */ = {
			isa = XCBuildConfiguration;
			buildSettings = {
				ALWAYS_EMBED_SWIFT_STANDARD_LIBRARIES = YES;
				BUNDLE_LOADER = "$(TEST_HOST)";
				CODE_SIGN_STYLE = Automatic;
				INFOPLIST_FILE = "Parse ChatTests/Info.plist";
				LD_RUNPATH_SEARCH_PATHS = (
					"$(inherited)",
					"@executable_path/Frameworks",
					"@loader_path/Frameworks",
				);
				PRODUCT_BUNDLE_IDENTIFIER = "com.codepath.Parse-ChatTests";
				PRODUCT_NAME = "$(TARGET_NAME)";
				SWIFT_VERSION = 4.2;
				TARGETED_DEVICE_FAMILY = "1,2";
				TEST_HOST = "$(BUILT_PRODUCTS_DIR)/Parse Chat.app/Parse Chat";
			};
			name = Release;
		};
		C76E4F78216EFF52002942A3 /* Debug */ = {
			isa = XCBuildConfiguration;
			buildSettings = {
				ALWAYS_EMBED_SWIFT_STANDARD_LIBRARIES = YES;
				CODE_SIGN_STYLE = Automatic;
				INFOPLIST_FILE = "Parse ChatUITests/Info.plist";
				LD_RUNPATH_SEARCH_PATHS = (
					"$(inherited)",
					"@executable_path/Frameworks",
					"@loader_path/Frameworks",
				);
				PRODUCT_BUNDLE_IDENTIFIER = "com.codepath.Parse-ChatUITests";
				PRODUCT_NAME = "$(TARGET_NAME)";
				SWIFT_VERSION = 4.2;
				TARGETED_DEVICE_FAMILY = "1,2";
				TEST_TARGET_NAME = "Parse Chat";
			};
			name = Debug;
		};
		C76E4F79216EFF52002942A3 /* Release */ = {
			isa = XCBuildConfiguration;
			buildSettings = {
				ALWAYS_EMBED_SWIFT_STANDARD_LIBRARIES = YES;
				CODE_SIGN_STYLE = Automatic;
				INFOPLIST_FILE = "Parse ChatUITests/Info.plist";
				LD_RUNPATH_SEARCH_PATHS = (
					"$(inherited)",
					"@executable_path/Frameworks",
					"@loader_path/Frameworks",
				);
				PRODUCT_BUNDLE_IDENTIFIER = "com.codepath.Parse-ChatUITests";
				PRODUCT_NAME = "$(TARGET_NAME)";
				SWIFT_VERSION = 4.2;
				TARGETED_DEVICE_FAMILY = "1,2";
				TEST_TARGET_NAME = "Parse Chat";
			};
			name = Release;
		};
/* End XCBuildConfiguration section */

/* Begin XCConfigurationList section */
		C76E4F44216EFF51002942A3 /* Build configuration list for PBXProject "Parse Chat" */ = {
			isa = XCConfigurationList;
			buildConfigurations = (
				C76E4F6F216EFF52002942A3 /* Debug */,
				C76E4F70216EFF52002942A3 /* Release */,
			);
			defaultConfigurationIsVisible = 0;
			defaultConfigurationName = Release;
		};
		C76E4F71216EFF52002942A3 /* Build configuration list for PBXNativeTarget "Parse Chat" */ = {
			isa = XCConfigurationList;
			buildConfigurations = (
				C76E4F72216EFF52002942A3 /* Debug */,
				C76E4F73216EFF52002942A3 /* Release */,
			);
			defaultConfigurationIsVisible = 0;
			defaultConfigurationName = Release;
		};
		C76E4F74216EFF52002942A3 /* Build configuration list for PBXNativeTarget "Parse ChatTests" */ = {
			isa = XCConfigurationList;
			buildConfigurations = (
				C76E4F75216EFF52002942A3 /* Debug */,
				C76E4F76216EFF52002942A3 /* Release */,
			);
			defaultConfigurationIsVisible = 0;
			defaultConfigurationName = Release;
		};
		C76E4F77216EFF52002942A3 /* Build configuration list for PBXNativeTarget "Parse ChatUITests" */ = {
			isa = XCConfigurationList;
			buildConfigurations = (
				C76E4F78216EFF52002942A3 /* Debug */,
				C76E4F79216EFF52002942A3 /* Release */,
			);
			defaultConfigurationIsVisible = 0;
			defaultConfigurationName = Release;
		};
/* End XCConfigurationList section */
	};
	rootObject = C76E4F41216EFF51002942A3 /* Project object */;
}
